
Microsoft Visual Studio Solution File, Format Version 12.00
Project("{FAE04EC0-301F-11D3-BF4B-00C04F79EFBC}") = "MensattScraper", "MensattScraper.csproj", "{AAD301C1-5BF9-4353-918E-CBA4D8310188}"
EndProject
Global
	GlobalSection(SolutionConfigurationPlatforms) = preSolution
		Debug|Any CPU = Debug|Any CPU
		Release|Any CPU = Release|Any CPU
	EndGlobalSection
	GlobalSection(ProjectConfigurationPlatforms) = postSolution
		{AAD301C1-5BF9-4353-918E-CBA4D8310188}.Debug|Any CPU.ActiveCfg = Debug|Any CPU
		{AAD301C1-5BF9-4353-918E-CBA4D8310188}.Debug|Any CPU.Build.0 = Debug|Any CPU
		{AAD301C1-5BF9-4353-918E-CBA4D8310188}.Release|Any CPU.ActiveCfg = Release|Any CPU
		{AAD301C1-5BF9-4353-918E-CBA4D8310188}.Release|Any CPU.Build.0 = Release|Any CPU
	EndGlobalSection
EndGlobal
